
Microsoft Visual Studio Solution File, Format Version 12.00
# Visual Studio 15
VisualStudioVersion = 15.0.28307.421
MinimumVisualStudioVersion = 10.0.40219.1
Project("{FAE04EC0-301F-11D3-BF4B-00C04F79EFBC}") = "Bridge", "Bridge\Bridge.csproj", "{2078481E-333F-4678-8A51-07903AD83386}"
EndProject
Project("{FAE04EC0-301F-11D3-BF4B-00C04F79EFBC}") = "Composite", "Composite\Composite.csproj", "{40950F16-DC2B-4A61-AF1F-7AD987048ACF}"
EndProject
Project("{FAE04EC0-301F-11D3-BF4B-00C04F79EFBC}") = "ChainOfResponsibility", "ChainOfResponsibility\ChainOfResponsibility.csproj", "{F6F8E731-AB3C-43DE-8A1B-39EA27D461BC}"
EndProject
Project("{FAE04EC0-301F-11D3-BF4B-00C04F79EFBC}") = "Prototype", "Prototype\Prototype.csproj", "{31C43BBE-8368-4F78-8B9F-96875F3656A5}"
EndProject
Project("{FAE04EC0-301F-11D3-BF4B-00C04F79EFBC}") = "Memento", "Memento\Memento.csproj", "{CFBE4A59-3EF4-4FA3-A80B-FF171911A5F9}"
EndProject
Global
	GlobalSection(SolutionConfigurationPlatforms) = preSolution
		Debug|Any CPU = Debug|Any CPU
		Release|Any CPU = Release|Any CPU
	EndGlobalSection
	GlobalSection(ProjectConfigurationPlatforms) = postSolution
		{2078481E-333F-4678-8A51-07903AD83386}.Debug|Any CPU.ActiveCfg = Debug|Any CPU
		{2078481E-333F-4678-8A51-07903AD83386}.Debug|Any CPU.Build.0 = Debug|Any CPU
		{2078481E-333F-4678-8A51-07903AD83386}.Release|Any CPU.ActiveCfg = Release|Any CPU
		{2078481E-333F-4678-8A51-07903AD83386}.Release|Any CPU.Build.0 = Release|Any CPU
		{40950F16-DC2B-4A61-AF1F-7AD987048ACF}.Debug|Any CPU.ActiveCfg = Debug|Any CPU
		{40950F16-DC2B-4A61-AF1F-7AD987048ACF}.Debug|Any CPU.Build.0 = Debug|Any CPU
		{40950F16-DC2B-4A61-AF1F-7AD987048ACF}.Release|Any CPU.ActiveCfg = Release|Any CPU
		{40950F16-DC2B-4A61-AF1F-7AD987048ACF}.Release|Any CPU.Build.0 = Release|Any CPU
		{F6F8E731-AB3C-43DE-8A1B-39EA27D461BC}.Debug|Any CPU.ActiveCfg = Debug|Any CPU
		{F6F8E731-AB3C-43DE-8A1B-39EA27D461BC}.Debug|Any CPU.Build.0 = Debug|Any CPU
		{F6F8E731-AB3C-43DE-8A1B-39EA27D461BC}.Release|Any CPU.ActiveCfg = Release|Any CPU
		{F6F8E731-AB3C-43DE-8A1B-39EA27D461BC}.Release|Any CPU.Build.0 = Release|Any CPU
		{31C43BBE-8368-4F78-8B9F-96875F3656A5}.Debug|Any CPU.ActiveCfg = Debug|Any CPU
		{31C43BBE-8368-4F78-8B9F-96875F3656A5}.Debug|Any CPU.Build.0 = Debug|Any CPU
		{31C43BBE-8368-4F78-8B9F-96875F3656A5}.Release|Any CPU.ActiveCfg = Release|Any CPU
		{31C43BBE-8368-4F78-8B9F-96875F3656A5}.Release|Any CPU.Build.0 = Release|Any CPU
		{CFBE4A59-3EF4-4FA3-A80B-FF171911A5F9}.Debug|Any CPU.ActiveCfg = Debug|Any CPU
		{CFBE4A59-3EF4-4FA3-A80B-FF171911A5F9}.Debug|Any CPU.Build.0 = Debug|Any CPU
		{CFBE4A59-3EF4-4FA3-A80B-FF171911A5F9}.Release|Any CPU.ActiveCfg = Release|Any CPU
		{CFBE4A59-3EF4-4FA3-A80B-FF171911A5F9}.Release|Any CPU.Build.0 = Release|Any CPU
	EndGlobalSection
	GlobalSection(SolutionProperties) = preSolution
		HideSolutionNode = FALSE
	EndGlobalSection
	GlobalSection(ExtensibilityGlobals) = postSolution
		SolutionGuid = {C467ED3E-733D-42BF-AC4A-C843DE2398E7}
	EndGlobalSection
EndGlobal
